
Microsoft Visual Studio Solution File, Format Version 12.00
# Visual Studio Version 16
VisualStudioVersion = 16.0.32602.291
MinimumVisualStudioVersion = 10.0.40219.1
Project("{FAE04EC0-301F-11D3-BF4B-00C04F79EFBC}") = "Builder_Pattern", "Builder_Pattern\Builder_Pattern.csproj", "{E8174199-92F0-4A0E-95D9-6336B492509C}"
EndProject
Global
	GlobalSection(SolutionConfigurationPlatforms) = preSolution
		Debug|Any CPU = Debug|Any CPU
		Release|Any CPU = Release|Any CPU
	EndGlobalSection
	GlobalSection(ProjectConfigurationPlatforms) = postSolution
		{E8174199-92F0-4A0E-95D9-6336B492509C}.Debug|Any CPU.ActiveCfg = Debug|Any CPU
		{E8174199-92F0-4A0E-95D9-6336B492509C}.Debug|Any CPU.Build.0 = Debug|Any CPU
		{E8174199-92F0-4A0E-95D9-6336B492509C}.Release|Any CPU.ActiveCfg = Release|Any CPU
		{E8174199-92F0-4A0E-95D9-6336B492509C}.Release|Any CPU.Build.0 = Release|Any CPU
	EndGlobalSection
	GlobalSection(SolutionProperties) = preSolution
		HideSolutionNode = FALSE
	EndGlobalSection
	GlobalSection(ExtensibilityGlobals) = postSolution
		SolutionGuid = {CD69E048-9507-4D39-9BE9-46A94DDC625D}
	EndGlobalSection
EndGlobal
