
Microsoft Visual Studio Solution File, Format Version 12.00
# Visual Studio Version 16
VisualStudioVersion = 16.0.32602.291
MinimumVisualStudioVersion = 10.0.40219.1
Project("{FAE04EC0-301F-11D3-BF4B-00C04F79EFBC}") = "State_Pattern", "State_Pattern\State_Pattern.csproj", "{D9D8C50E-01CF-472D-8D54-4BBFEFFCB36E}"
EndProject
Global
	GlobalSection(SolutionConfigurationPlatforms) = preSolution
		Debug|Any CPU = Debug|Any CPU
		Release|Any CPU = Release|Any CPU
	EndGlobalSection
	GlobalSection(ProjectConfigurationPlatforms) = postSolution
		{D9D8C50E-01CF-472D-8D54-4BBFEFFCB36E}.Debug|Any CPU.ActiveCfg = Debug|Any CPU
		{D9D8C50E-01CF-472D-8D54-4BBFEFFCB36E}.Debug|Any CPU.Build.0 = Debug|Any CPU
		{D9D8C50E-01CF-472D-8D54-4BBFEFFCB36E}.Release|Any CPU.ActiveCfg = Release|Any CPU
		{D9D8C50E-01CF-472D-8D54-4BBFEFFCB36E}.Release|Any CPU.Build.0 = Release|Any CPU
	EndGlobalSection
	GlobalSection(SolutionProperties) = preSolution
		HideSolutionNode = FALSE
	EndGlobalSection
	GlobalSection(ExtensibilityGlobals) = postSolution
		SolutionGuid = {692668A6-D3A1-43BF-AA44-B9286510C2C9}
	EndGlobalSection
EndGlobal
