
Microsoft Visual Studio Solution File, Format Version 12.00
# Visual Studio Version 16
VisualStudioVersion = 16.0.32602.291
MinimumVisualStudioVersion = 10.0.40219.1
Project("{FAE04EC0-301F-11D3-BF4B-00C04F79EFBC}") = "TemplateMethod_Pattern", "TemplateMethod_Pattern\TemplateMethod_Pattern.csproj", "{CE5C9331-1C9A-4236-8604-4BB6270C8FBC}"
EndProject
Global
	GlobalSection(SolutionConfigurationPlatforms) = preSolution
		Debug|Any CPU = Debug|Any CPU
		Release|Any CPU = Release|Any CPU
	EndGlobalSection
	GlobalSection(ProjectConfigurationPlatforms) = postSolution
		{CE5C9331-1C9A-4236-8604-4BB6270C8FBC}.Debug|Any CPU.ActiveCfg = Debug|Any CPU
		{CE5C9331-1C9A-4236-8604-4BB6270C8FBC}.Debug|Any CPU.Build.0 = Debug|Any CPU
		{CE5C9331-1C9A-4236-8604-4BB6270C8FBC}.Release|Any CPU.ActiveCfg = Release|Any CPU
		{CE5C9331-1C9A-4236-8604-4BB6270C8FBC}.Release|Any CPU.Build.0 = Release|Any CPU
	EndGlobalSection
	GlobalSection(SolutionProperties) = preSolution
		HideSolutionNode = FALSE
	EndGlobalSection
	GlobalSection(ExtensibilityGlobals) = postSolution
		SolutionGuid = {56518349-E8EF-4365-A671-D7812F06A7AD}
	EndGlobalSection
EndGlobal
