
Microsoft Visual Studio Solution File, Format Version 12.00
# Visual Studio Version 16
VisualStudioVersion = 16.0.32602.291
MinimumVisualStudioVersion = 10.0.40219.1
Project("{FAE04EC0-301F-11D3-BF4B-00C04F79EFBC}") = "Factory_Method_Pattern", "Factory_Method_Pattern\Factory_Method_Pattern.csproj", "{67E6551A-4C5F-4DBB-9F72-E4C1BCDA5EF3}"
EndProject
Global
	GlobalSection(SolutionConfigurationPlatforms) = preSolution
		Debug|Any CPU = Debug|Any CPU
		Release|Any CPU = Release|Any CPU
	EndGlobalSection
	GlobalSection(ProjectConfigurationPlatforms) = postSolution
		{67E6551A-4C5F-4DBB-9F72-E4C1BCDA5EF3}.Debug|Any CPU.ActiveCfg = Debug|Any CPU
		{67E6551A-4C5F-4DBB-9F72-E4C1BCDA5EF3}.Debug|Any CPU.Build.0 = Debug|Any CPU
		{67E6551A-4C5F-4DBB-9F72-E4C1BCDA5EF3}.Release|Any CPU.ActiveCfg = Release|Any CPU
		{67E6551A-4C5F-4DBB-9F72-E4C1BCDA5EF3}.Release|Any CPU.Build.0 = Release|Any CPU
	EndGlobalSection
	GlobalSection(SolutionProperties) = preSolution
		HideSolutionNode = FALSE
	EndGlobalSection
	GlobalSection(ExtensibilityGlobals) = postSolution
		SolutionGuid = {A165874C-A24C-42FD-8DF8-6ADECA9D160A}
	EndGlobalSection
EndGlobal
